<?xml version="1.0" encoding="utf-8"?>
<Project ToolsVersion="4.0" xmlns="http://schemas.microsoft.com/developer/msbuild/2003">
  <ItemGroup>
    <Filter Include="Source Files">
      <UniqueIdentifier>{d0a1f889-922e-4fd6-91e7-56ec9261ea9e}</UniqueIdentifier>
      <Extensions>cpp;c;cxx;rc;def;r;odl;idl;hpj;bat</Extensions>
    </Filter>
    <Filter Include="Source Files\ini">
      <UniqueIdentifier>{baeef423-c976-437a-a592-db97f43c7058}</UniqueIdentifier>
    </Filter>
  </ItemGroup>
  <ItemGroup>
    <ClCompile Include="hge_tut02.cpp">
      <Filter>Source Files</Filter>
    </ClCompile>
    <ClCompile Include="ffff.cpp">
      <Filter>Source Files</Filter>
    </ClCompile>
  </ItemGroup>
  <ItemGroup>
    <None Include="myfont.ini">
      <Filter>Source Files\ini</Filter>
    </None>
  </ItemGroup>
  <ItemGroup>
    <Media Include="Debug\res\music.mp3">
      <Filter>Source Files\ini</Filter>
    </Media>
    <Media Include="music.mp3">
      <Filter>Source Files</Filter>
    </Media>
  </ItemGroup>
  <ItemGroup>
    <ClInclude Include="resource.h" />
  </ItemGroup>
  <ItemGroup>
    <ResourceCompile Include="hge_tut02.rc">
      <Filter>Source Files</Filter>
    </ResourceCompile>
  </ItemGroup>
</Project>